// !$*UTF8*$!
{
	archiveVersion = 1;
	classes = {
	};
	objectVersion = 50;
	objects = {

/* Begin PBXBuildFile section */
		7212512E257752A700A363D9 /* AppDelegate.swift in Sources */ = {isa = PBXBuildFile; fileRef = 7212512D257752A700A363D9 /* AppDelegate.swift */; };
		72125130257752A700A363D9 /* SceneDelegate.swift in Sources */ = {isa = PBXBuildFile; fileRef = 7212512F257752A700A363D9 /* SceneDelegate.swift */; };
		72125132257752A700A363D9 /* ViewController.swift in Sources */ = {isa = PBXBuildFile; fileRef = 72125131257752A700A363D9 /* ViewController.swift */; };
		72125135257752A700A363D9 /* Main.storyboard in Resources */ = {isa = PBXBuildFile; fileRef = 72125133257752A700A363D9 /* Main.storyboard */; };
		72125137257752A800A363D9 /* Assets.xcassets in Resources */ = {isa = PBXBuildFile; fileRef = 72125136257752A800A363D9 /* Assets.xcassets */; };
		7212513A257752A800A363D9 /* LaunchScreen.storyboard in Resources */ = {isa = PBXBuildFile; fileRef = 72125138257752A800A363D9 /* LaunchScreen.storyboard */; };
		7212514B2577576500A363D9 /* number3_2.png in Resources */ = {isa = PBXBuildFile; fileRef = 721251432577576400A363D9 /* number3_2.png */; };
		7212514C2577576500A363D9 /* number3_5.png in Resources */ = {isa = PBXBuildFile; fileRef = 721251442577576400A363D9 /* number3_5.png */; };
		7212514D2577576500A363D9 /* number3_7.png in Resources */ = {isa = PBXBuildFile; fileRef = 721251452577576400A363D9 /* number3_7.png */; };
		7212514E2577576500A363D9 /* number3_4.png in Resources */ = {isa = PBXBuildFile; fileRef = 721251462577576400A363D9 /* number3_4.png */; };
		7212514F2577576500A363D9 /* number3_3.png in Resources */ = {isa = PBXBuildFile; fileRef = 721251472577576400A363D9 /* number3_3.png */; };
		721251502577576500A363D9 /* number3_8.png in Resources */ = {isa = PBXBuildFile; fileRef = 721251482577576500A363D9 /* number3_8.png */; };
		721251512577576500A363D9 /* number3_1.png in Resources */ = {isa = PBXBuildFile; fileRef = 721251492577576500A363D9 /* number3_1.png */; };
		721251522577576500A363D9 /* number3_6.png in Resources */ = {isa = PBXBuildFile; fileRef = 7212514A2577576500A363D9 /* number3_6.png */; };
/* End PBXBuildFile section */

/* Begin PBXFileReference section */
		7212512A257752A700A363D9 /* Test-MenuList-004.app */ = {isa = PBXFileReference; explicitFileType = wrapper.application; includeInIndex = 0; path = "Test-MenuList-004.app"; sourceTree = BUILT_PRODUCTS_DIR; };
		7212512D257752A700A363D9 /* AppDelegate.swift */ = {isa = PBXFileReference; lastKnownFileType = sourcecode.swift; path = AppDelegate.swift; sourceTree = "<group>"; };
		7212512F257752A700A363D9 /* SceneDelegate.swift */ = {isa = PBXFileReference; lastKnownFileType = sourcecode.swift; path = SceneDelegate.swift; sourceTree = "<group>"; };
		72125131257752A700A363D9 /* ViewController.swift */ = {isa = PBXFileReference; lastKnownFileType = sourcecode.swift; path = ViewController.swift; sourceTree = "<group>"; };
		72125134257752A700A363D9 /* Base */ = {isa = PBXFileReference; lastKnownFileType = file.storyboard; name = Base; path = Base.lproj/Main.storyboard; sourceTree = "<group>"; };
		72125136257752A800A363D9 /* Assets.xcassets */ = {isa = PBXFileReference; lastKnownFileType = folder.assetcatalog; path = Assets.xcassets; sourceTree = "<group>"; };
		72125139257752A800A363D9 /* Base */ = {isa = PBXFileReference; lastKnownFileType = file.storyboard; name = Base; path = Base.lproj/LaunchScreen.storyboard; sourceTree = "<group>"; };
		7212513B257752A800A363D9 /* Info.plist */ = {isa = PBXFileReference; lastKnownFileType = text.plist.xml; path = Info.plist; sourceTree = "<group>"; };
		721251432577576400A363D9 /* number3_2.png */ = {isa = PBXFileReference; lastKnownFileType = image.png; path = number3_2.png; sourceTree = "<group>"; };
		721251442577576400A363D9 /* number3_5.png */ = {isa = PBXFileReference; lastKnownFileType = image.png; path = number3_5.png; sourceTree = "<group>"; };
		721251452577576400A363D9 /* number3_7.png */ = {isa = PBXFileReference; lastKnownFileType = image.png; path = number3_7.png; sourceTree = "<group>"; };
		721251462577576400A363D9 /* number3_4.png */ = {isa = PBXFileReference; lastKnownFileType = image.png; path = number3_4.png; sourceTree = "<group>"; };
		721251472577576400A363D9 /* number3_3.png */ = {isa = PBXFileReference; lastKnownFileType = image.png; path = number3_3.png; sourceTree = "<group>"; };
		721251482577576500A363D9 /* number3_8.png */ = {isa = PBXFileReference; lastKnownFileType = image.png; path = number3_8.png; sourceTree = "<group>"; };
		721251492577576500A363D9 /* number3_1.png */ = {isa = PBXFileReference; lastKnownFileType = image.png; path = number3_1.png; sourceTree = "<group>"; };
		7212514A2577576500A363D9 /* number3_6.png */ = {isa = PBXFileReference; lastKnownFileType = image.png; path = number3_6.png; sourceTree = "<group>"; };
/* End PBXFileReference section */

/* Begin PBXFrameworksBuildPhase section */
		72125127257752A700A363D9 /* Frameworks */ = {
			isa = PBXFrameworksBuildPhase;
			buildActionMask = 2147483647;
			files = (
			);
			runOnlyForDeploymentPostprocessing = 0;
		};
/* End PBXFrameworksBuildPhase section */

/* Begin PBXGroup section */
		72125121257752A700A363D9 = {
			isa = PBXGroup;
			children = (
				7212512C257752A700A363D9 /* Test-MenuList-004 */,
				7212512B257752A700A363D9 /* Products */,
			);
			sourceTree = "<group>";
		};
		7212512B257752A700A363D9 /* Products */ = {
			isa = PBXGroup;
			children = (
				7212512A257752A700A363D9 /* Test-MenuList-004.app */,
			);
			name = Products;
			sourceTree = "<group>";
		};
		7212512C257752A700A363D9 /* Test-MenuList-004 */ = {
			isa = PBXGroup;
			children = (
				7212512D257752A700A363D9 /* AppDelegate.swift */,
				7212512F257752A700A363D9 /* SceneDelegate.swift */,
				72125131257752A700A363D9 /* ViewController.swift */,
				72125133257752A700A363D9 /* Main.storyboard */,
				721251492577576500A363D9 /* number3_1.png */,
				721251432577576400A363D9 /* number3_2.png */,
				721251472577576400A363D9 /* number3_3.png */,
				721251462577576400A363D9 /* number3_4.png */,
				721251442577576400A363D9 /* number3_5.png */,
				7212514A2577576500A363D9 /* number3_6.png */,
				721251452577576400A363D9 /* number3_7.png */,
				721251482577576500A363D9 /* number3_8.png */,
				72125136257752A800A363D9 /* Assets.xcassets */,
				72125138257752A800A363D9 /* LaunchScreen.storyboard */,
				7212513B257752A800A363D9 /* Info.plist */,
			);
			path = "Test-MenuList-004";
			sourceTree = "<group>";
		};
/* End PBXGroup section */

/* Begin PBXNativeTarget section */
		72125129257752A700A363D9 /* Test-MenuList-004 */ = {
			isa = PBXNativeTarget;
			buildConfigurationList = 7212513E257752A800A363D9 /* Build configuration list for PBXNativeTarget "Test-MenuList-004" */;
			buildPhases = (
				72125126257752A700A363D9 /* Sources */,
				72125127257752A700A363D9 /* Frameworks */,
				72125128257752A700A363D9 /* Resources */,
			);
			buildRules = (
			);
			dependencies = (
			);
			name = "Test-MenuList-004";
			productName = "Test-MenuList-004";
			productReference = 7212512A257752A700A363D9 /* Test-MenuList-004.app */;
			productType = "com.apple.product-type.application";
		};
/* End PBXNativeTarget section */

/* Begin PBXProject section */
		72125122257752A700A363D9 /* Project object */ = {
			isa = PBXProject;
			attributes = {
				LastSwiftUpdateCheck = 1170;
				LastUpgradeCheck = 1170;
				ORGANIZATIONNAME = say;
				TargetAttributes = {
					72125129257752A700A363D9 = {
						CreatedOnToolsVersion = 11.7;
					};
				};
			};
			buildConfigurationList = 72125125257752A700A363D9 /* Build configuration list for PBXProject "Test-MenuList-004" */;
			compatibilityVersion = "Xcode 9.3";
			developmentRegion = en;
			hasScannedForEncodings = 0;
			knownRegions = (
				en,
				Base,
			);
			mainGroup = 72125121257752A700A363D9;
			productRefGroup = 7212512B257752A700A363D9 /* Products */;
			projectDirPath = "";
			projectRoot = "";
			targets = (
				72125129257752A700A363D9 /* Test-MenuList-004 */,
			);
		};
/* End PBXProject section */

/* Begin PBXResourcesBuildPhase section */
		72125128257752A700A363D9 /* Resources */ = {
			isa = PBXResourcesBuildPhase;
			buildActionMask = 2147483647;
			files = (
				7212514D2577576500A363D9 /* number3_7.png in Resources */,
				7212513A257752A800A363D9 /* LaunchScreen.storyboard in Resources */,
				7212514B2577576500A363D9 /* number3_2.png in Resources */,
				721251502577576500A363D9 /* number3_8.png in Resources */,
				7212514E2577576500A363D9 /* number3_4.png in Resources */,
				72125137257752A800A363D9 /* Assets.xcassets in Resources */,
				721251512577576500A363D9 /* number3_1.png in Resources */,
				7212514C2577576500A363D9 /* number3_5.png in Resources */,
				721251522577576500A363D9 /* number3_6.png in Resources */,
				7212514F2577576500A363D9 /* number3_3.png in Resources */,
				72125135257752A700A363D9 /* Main.storyboard in Resources */,
			);
			runOnlyForDeploymentPostprocessing = 0;
		};
/* End PBXResourcesBuildPhase section */

/* Begin PBXSourcesBuildPhase section */
		72125126257752A700A363D9 /* Sources */ = {
			isa = PBXSourcesBuildPhase;
			buildActionMask = 2147483647;
			files = (
				72125132257752A700A363D9 /* ViewController.swift in Sources */,
				7212512E257752A700A363D9 /* AppDelegate.swift in Sources */,
				72125130257752A700A363D9 /* SceneDelegate.swift in Sources */,
			);
			runOnlyForDeploymentPostprocessing = 0;
		};
/* End PBXSourcesBuildPhase section */

/* Begin PBXVariantGroup section */
		72125133257752A700A363D9 /* Main.storyboard */ = {
			isa = PBXVariantGroup;
			children = (
				72125134257752A700A363D9 /* Base */,
			);
			name = Main.storyboard;
			sourceTree = "<group>";
		};
		72125138257752A800A363D9 /* LaunchScreen.storyboard */ = {
			isa = PBXVariantGroup;
			children = (
				72125139257752A800A363D9 /* Base */,
			);
			name = LaunchScreen.storyboard;
			sourceTree = "<group>";
		};
/* End PBXVariantGroup section */

/* Begin XCBuildConfiguration section */
		7212513C257752A800A363D9 /* Debug */ = {
			isa = XCBuildConfiguration;
			buildSettings = {
				ALWAYS_SEARCH_USER_PATHS = NO;
				CLANG_ANALYZER_NONNULL = YES;
				CLANG_ANALYZER_NUMBER_OBJECT_CONVERSION = YES_AGGRESSIVE;
				CLANG_CXX_LANGUAGE_STANDARD = "gnu++14";
				CLANG_CXX_LIBRARY = "libc++";
				CLANG_ENABLE_MODULES = YES;
				CLANG_ENABLE_OBJC_ARC = YES;
				CLANG_ENABLE_OBJC_WEAK = YES;
				CLANG_WARN_BLOCK_CAPTURE_AUTORELEASING = YES;
				CLANG_WARN_BOOL_CONVERSION = YES;
				CLANG_WARN_COMMA = YES;
				CLANG_WARN_CONSTANT_CONVERSION = YES;
				CLANG_WARN_DEPRECATED_OBJC_IMPLEMENTATIONS = YES;
				CLANG_WARN_DIRECT_OBJC_ISA_USAGE = YES_ERROR;
				CLANG_WARN_DOCUMENTATION_COMMENTS = YES;
				CLANG_WARN_EMPTY_BODY = YES;
				CLANG_WARN_ENUM_CONVERSION = YES;
				CLANG_WARN_INFINITE_RECURSION = YES;
				CLANG_WARN_INT_CONVERSION = YES;
				CLANG_WARN_NON_LITERAL_NULL_CONVERSION = YES;
				CLANG_WARN_OBJC_IMPLICIT_RETAIN_SELF = YES;
				CLANG_WARN_OBJC_LITERAL_CONVERSION = YES;
				CLANG_WARN_OBJC_ROOT_CLASS = YES_ERROR;
				CLANG_WARN_RANGE_LOOP_ANALYSIS = YES;
				CLANG_WARN_STRICT_PROTOTYPES = YES;
				CLANG_WARN_SUSPICIOUS_MOVE = YES;
				CLANG_WARN_UNGUARDED_AVAILABILITY = YES_AGGRESSIVE;
				CLANG_WARN_UNREACHABLE_CODE = YES;
				CLANG_WARN__DUPLICATE_METHOD_MATCH = YES;
				COPY_PHASE_STRIP = NO;
				DEBUG_INFORMATION_FORMAT = dwarf;
				ENABLE_STRICT_OBJC_MSGSEND = YES;
				ENABLE_TESTABILITY = YES;
				GCC_C_LANGUAGE_STANDARD = gnu11;
				GCC_DYNAMIC_NO_PIC = NO;
				GCC_NO_COMMON_BLOCKS = YES;
				GCC_OPTIMIZATION_LEVEL = 0;
				GCC_PREPROCESSOR_DEFINITIONS = (
					"DEBUG=1",
					"$(inherited)",
				);
				GCC_WARN_64_TO_32_BIT_CONVERSION = YES;
				GCC_WARN_ABOUT_RETURN_TYPE = YES_ERROR;
				GCC_WARN_UNDECLARED_SELECTOR = YES;
				GCC_WARN_UNINITIALIZED_AUTOS = YES_AGGRESSIVE;
				GCC_WARN_UNUSED_FUNCTION = YES;
				GCC_WARN_UNUSED_VARIABLE = YES;
				IPHONEOS_DEPLOYMENT_TARGET = 10.0;
				MTL_ENABLE_DEBUG_INFO = INCLUDE_SOURCE;
				MTL_FAST_MATH = YES;
				ONLY_ACTIVE_ARCH = YES;
				SDKROOT = iphoneos;
				SWIFT_ACTIVE_COMPILATION_CONDITIONS = DEBUG;
				SWIFT_OPTIMIZATION_LEVEL = "-Onone";
			};
			name = Debug;
		};
		7212513D257752A800A363D9 /* Release */ = {
			isa = XCBuildConfiguration;
			buildSettings = {
				ALWAYS_SEARCH_USER_PATHS = NO;
				CLANG_ANALYZER_NONNULL = YES;
				CLANG_ANALYZER_NUMBER_OBJECT_CONVERSION = YES_AGGRESSIVE;
				CLANG_CXX_LANGUAGE_STANDARD = "gnu++14";
				CLANG_CXX_LIBRARY = "libc++";
				CLANG_ENABLE_MODULES = YES;
				CLANG_ENABLE_OBJC_ARC = YES;
				CLANG_ENABLE_OBJC_WEAK = YES;
				CLANG_WARN_BLOCK_CAPTURE_AUTORELEASING = YES;
				CLANG_WARN_BOOL_CONVERSION = YES;
				CLANG_WARN_COMMA = YES;
				CLANG_WARN_CONSTANT_CONVERSION = YES;
				CLANG_WARN_DEPRECATED_OBJC_IMPLEMENTATIONS = YES;
				CLANG_WARN_DIRECT_OBJC_ISA_USAGE = YES_ERROR;
				CLANG_WARN_DOCUMENTATION_COMMENTS = YES;
				CLANG_WARN_EMPTY_BODY = YES;
				CLANG_WARN_ENUM_CONVERSION = YES;
				CLANG_WARN_INFINITE_RECURSION = YES;
				CLANG_WARN_INT_CONVERSION = YES;
				CLANG_WARN_NON_LITERAL_NULL_CONVERSION = YES;
				CLANG_WARN_OBJC_IMPLICIT_RETAIN_SELF = YES;
				CLANG_WARN_OBJC_LITERAL_CONVERSION = YES;
				CLANG_WARN_OBJC_ROOT_CLASS = YES_ERROR;
				CLANG_WARN_RANGE_LOOP_ANALYSIS = YES;
				CLANG_WARN_STRICT_PROTOTYPES = YES;
				CLANG_WARN_SUSPICIOUS_MOVE = YES;
				CLANG_WARN_UNGUARDED_AVAILABILITY = YES_AGGRESSIVE;
				CLANG_WARN_UNREACHABLE_CODE = YES;
				CLANG_WARN__DUPLICATE_METHOD_MATCH = YES;
				COPY_PHASE_STRIP = NO;
				DEBUG_INFORMATION_FORMAT = "dwarf-with-dsym";
				ENABLE_NS_ASSERTIONS = NO;
				ENABLE_STRICT_OBJC_MSGSEND = YES;
				GCC_C_LANGUAGE_STANDARD = gnu11;
				GCC_NO_COMMON_BLOCKS = YES;
				GCC_WARN_64_TO_32_BIT_CONVERSION = YES;
				GCC_WARN_ABOUT_RETURN_TYPE = YES_ERROR;
				GCC_WARN_UNDECLARED_SELECTOR = YES;
				GCC_WARN_UNINITIALIZED_AUTOS = YES_AGGRESSIVE;
				GCC_WARN_UNUSED_FUNCTION = YES;
				GCC_WARN_UNUSED_VARIABLE = YES;
				IPHONEOS_DEPLOYMENT_TARGET = 10.0;
				MTL_ENABLE_DEBUG_INFO = NO;
				MTL_FAST_MATH = YES;
				SDKROOT = iphoneos;
				SWIFT_COMPILATION_MODE = wholemodule;
				SWIFT_OPTIMIZATION_LEVEL = "-O";
				VALIDATE_PRODUCT = YES;
			};
			name = Release;
		};
		7212513F257752A800A363D9 /* Debug */ = {
			isa = XCBuildConfiguration;
			buildSettings = {
				ASSETCATALOG_COMPILER_APPICON_NAME = AppIcon;
				CODE_SIGN_STYLE = Automatic;
				DEVELOPMENT_TEAM = ZAZYZ6SEUT;
				INFOPLIST_FILE = "Test-MenuList-004/Info.plist";
				IPHONEOS_DEPLOYMENT_TARGET = 10.0;
				LD_RUNPATH_SEARCH_PATHS = (
					"$(inherited)",
					"@executable_path/Frameworks",
				);
				PRODUCT_BUNDLE_IDENTIFIER = "pods.Test-MenuList-004";
				PRODUCT_NAME = "$(TARGET_NAME)";
				SWIFT_VERSION = 5.0;
				TARGETED_DEVICE_FAMILY = "1,2";
			};
			name = Debug;
		};
		72125140257752A800A363D9 /* Release */ = {
			isa = XCBuildConfiguration;
			buildSettings = {
				ASSETCATALOG_COMPILER_APPICON_NAME = AppIcon;
				CODE_SIGN_STYLE = Automatic;
				DEVELOPMENT_TEAM = ZAZYZ6SEUT;
				INFOPLIST_FILE = "Test-MenuList-004/Info.plist";
				IPHONEOS_DEPLOYMENT_TARGET = 10.0;
				LD_RUNPATH_SEARCH_PATHS = (
					"$(inherited)",
					"@executable_path/Frameworks",
				);
				PRODUCT_BUNDLE_IDENTIFIER = "pods.Test-MenuList-004";
				PRODUCT_NAME = "$(TARGET_NAME)";
				SWIFT_VERSION = 5.0;
				TARGETED_DEVICE_FAMILY = "1,2";
			};
			name = Release;
		};
/* End XCBuildConfiguration section */

/* Begin XCConfigurationList section */
		72125125257752A700A363D9 /* Build configuration list for PBXProject "Test-MenuList-004" */ = {
			isa = XCConfigurationList;
			buildConfigurations = (
				7212513C257752A800A363D9 /* Debug */,
				7212513D257752A800A363D9 /* Release */,
			);
			defaultConfigurationIsVisible = 0;
			defaultConfigurationName = Release;
		};
		7212513E257752A800A363D9 /* Build configuration list for PBXNativeTarget "Test-MenuList-004" */ = {
			isa = XCConfigurationList;
			buildConfigurations = (
				7212513F257752A800A363D9 /* Debug */,
				72125140257752A800A363D9 /* Release */,
			);
			defaultConfigurationIsVisible = 0;
			defaultConfigurationName = Release;
		};
/* End XCConfigurationList section */
	};
	rootObject = 72125122257752A700A363D9 /* Project object */;
}
