// !$*UTF8*$!
{
	archiveVersion = 1;
	classes = {
	};
	objectVersion = 50;
	objects = {

/* Begin PBXBuildFile section */
		72C621F72567A9D200BC4789 /* AppDelegate.swift in Sources */ = {isa = PBXBuildFile; fileRef = 72C621F62567A9D200BC4789 /* AppDelegate.swift */; };
		72C621F92567A9D200BC4789 /* SceneDelegate.swift in Sources */ = {isa = PBXBuildFile; fileRef = 72C621F82567A9D200BC4789 /* SceneDelegate.swift */; };
		72C621FB2567A9D200BC4789 /* ViewController.swift in Sources */ = {isa = PBXBuildFile; fileRef = 72C621FA2567A9D200BC4789 /* ViewController.swift */; };
		72C621FE2567A9D200BC4789 /* Main.storyboard in Resources */ = {isa = PBXBuildFile; fileRef = 72C621FC2567A9D200BC4789 /* Main.storyboard */; };
		72C622002567A9D900BC4789 /* Assets.xcassets in Resources */ = {isa = PBXBuildFile; fileRef = 72C621FF2567A9D900BC4789 /* Assets.xcassets */; };
		72C622032567A9D900BC4789 /* LaunchScreen.storyboard in Resources */ = {isa = PBXBuildFile; fileRef = 72C622012567A9D900BC4789 /* LaunchScreen.storyboard */; };
		72C6220E2567A9D900BC4789 /* test_menulist_002Tests.swift in Sources */ = {isa = PBXBuildFile; fileRef = 72C6220D2567A9D900BC4789 /* test_menulist_002Tests.swift */; };
		72C622192567A9D900BC4789 /* test_menulist_002UITests.swift in Sources */ = {isa = PBXBuildFile; fileRef = 72C622182567A9D900BC4789 /* test_menulist_002UITests.swift */; };
		72C622272567AAA400BC4789 /* ContentViewController.swift in Sources */ = {isa = PBXBuildFile; fileRef = 72C622262567AAA400BC4789 /* ContentViewController.swift */; };
		72C622292567B1D000BC4789 /* memo.txt in Resources */ = {isa = PBXBuildFile; fileRef = 72C622282567B1D000BC4789 /* memo.txt */; };
/* End PBXBuildFile section */

/* Begin PBXContainerItemProxy section */
		72C6220A2567A9D900BC4789 /* PBXContainerItemProxy */ = {
			isa = PBXContainerItemProxy;
			containerPortal = 72C621EB2567A9D200BC4789 /* Project object */;
			proxyType = 1;
			remoteGlobalIDString = 72C621F22567A9D200BC4789;
			remoteInfo = "test-menulist-002";
		};
		72C622152567A9D900BC4789 /* PBXContainerItemProxy */ = {
			isa = PBXContainerItemProxy;
			containerPortal = 72C621EB2567A9D200BC4789 /* Project object */;
			proxyType = 1;
			remoteGlobalIDString = 72C621F22567A9D200BC4789;
			remoteInfo = "test-menulist-002";
		};
/* End PBXContainerItemProxy section */

/* Begin PBXFileReference section */
		72C621F32567A9D200BC4789 /* test-menulist-002.app */ = {isa = PBXFileReference; explicitFileType = wrapper.application; includeInIndex = 0; path = "test-menulist-002.app"; sourceTree = BUILT_PRODUCTS_DIR; };
		72C621F62567A9D200BC4789 /* AppDelegate.swift */ = {isa = PBXFileReference; lastKnownFileType = sourcecode.swift; path = AppDelegate.swift; sourceTree = "<group>"; };
		72C621F82567A9D200BC4789 /* SceneDelegate.swift */ = {isa = PBXFileReference; lastKnownFileType = sourcecode.swift; path = SceneDelegate.swift; sourceTree = "<group>"; };
		72C621FA2567A9D200BC4789 /* ViewController.swift */ = {isa = PBXFileReference; lastKnownFileType = sourcecode.swift; path = ViewController.swift; sourceTree = "<group>"; };
		72C621FD2567A9D200BC4789 /* Base */ = {isa = PBXFileReference; lastKnownFileType = file.storyboard; name = Base; path = Base.lproj/Main.storyboard; sourceTree = "<group>"; };
		72C621FF2567A9D900BC4789 /* Assets.xcassets */ = {isa = PBXFileReference; lastKnownFileType = folder.assetcatalog; path = Assets.xcassets; sourceTree = "<group>"; };
		72C622022567A9D900BC4789 /* Base */ = {isa = PBXFileReference; lastKnownFileType = file.storyboard; name = Base; path = Base.lproj/LaunchScreen.storyboard; sourceTree = "<group>"; };
		72C622042567A9D900BC4789 /* Info.plist */ = {isa = PBXFileReference; lastKnownFileType = text.plist.xml; path = Info.plist; sourceTree = "<group>"; };
		72C622092567A9D900BC4789 /* test-menulist-002Tests.xctest */ = {isa = PBXFileReference; explicitFileType = wrapper.cfbundle; includeInIndex = 0; path = "test-menulist-002Tests.xctest"; sourceTree = BUILT_PRODUCTS_DIR; };
		72C6220D2567A9D900BC4789 /* test_menulist_002Tests.swift */ = {isa = PBXFileReference; lastKnownFileType = sourcecode.swift; path = test_menulist_002Tests.swift; sourceTree = "<group>"; };
		72C6220F2567A9D900BC4789 /* Info.plist */ = {isa = PBXFileReference; lastKnownFileType = text.plist.xml; path = Info.plist; sourceTree = "<group>"; };
		72C622142567A9D900BC4789 /* test-menulist-002UITests.xctest */ = {isa = PBXFileReference; explicitFileType = wrapper.cfbundle; includeInIndex = 0; path = "test-menulist-002UITests.xctest"; sourceTree = BUILT_PRODUCTS_DIR; };
		72C622182567A9D900BC4789 /* test_menulist_002UITests.swift */ = {isa = PBXFileReference; lastKnownFileType = sourcecode.swift; path = test_menulist_002UITests.swift; sourceTree = "<group>"; };
		72C6221A2567A9D900BC4789 /* Info.plist */ = {isa = PBXFileReference; lastKnownFileType = text.plist.xml; path = Info.plist; sourceTree = "<group>"; };
		72C622262567AAA400BC4789 /* ContentViewController.swift */ = {isa = PBXFileReference; lastKnownFileType = sourcecode.swift; path = ContentViewController.swift; sourceTree = "<group>"; };
		72C622282567B1D000BC4789 /* memo.txt */ = {isa = PBXFileReference; lastKnownFileType = text; path = memo.txt; sourceTree = "<group>"; };
/* End PBXFileReference section */

/* Begin PBXFrameworksBuildPhase section */
		72C621F02567A9D200BC4789 /* Frameworks */ = {
			isa = PBXFrameworksBuildPhase;
			buildActionMask = 2147483647;
			files = (
			);
			runOnlyForDeploymentPostprocessing = 0;
		};
		72C622062567A9D900BC4789 /* Frameworks */ = {
			isa = PBXFrameworksBuildPhase;
			buildActionMask = 2147483647;
			files = (
			);
			runOnlyForDeploymentPostprocessing = 0;
		};
		72C622112567A9D900BC4789 /* Frameworks */ = {
			isa = PBXFrameworksBuildPhase;
			buildActionMask = 2147483647;
			files = (
			);
			runOnlyForDeploymentPostprocessing = 0;
		};
/* End PBXFrameworksBuildPhase section */

/* Begin PBXGroup section */
		72C621EA2567A9D200BC4789 = {
			isa = PBXGroup;
			children = (
				72C622282567B1D000BC4789 /* memo.txt */,
				72C621F52567A9D200BC4789 /* test-menulist-002 */,
				72C6220C2567A9D900BC4789 /* test-menulist-002Tests */,
				72C622172567A9D900BC4789 /* test-menulist-002UITests */,
				72C621F42567A9D200BC4789 /* Products */,
			);
			sourceTree = "<group>";
		};
		72C621F42567A9D200BC4789 /* Products */ = {
			isa = PBXGroup;
			children = (
				72C621F32567A9D200BC4789 /* test-menulist-002.app */,
				72C622092567A9D900BC4789 /* test-menulist-002Tests.xctest */,
				72C622142567A9D900BC4789 /* test-menulist-002UITests.xctest */,
			);
			name = Products;
			sourceTree = "<group>";
		};
		72C621F52567A9D200BC4789 /* test-menulist-002 */ = {
			isa = PBXGroup;
			children = (
				72C621F62567A9D200BC4789 /* AppDelegate.swift */,
				72C621F82567A9D200BC4789 /* SceneDelegate.swift */,
				72C621FA2567A9D200BC4789 /* ViewController.swift */,
				72C621FC2567A9D200BC4789 /* Main.storyboard */,
				72C621FF2567A9D900BC4789 /* Assets.xcassets */,
				72C622012567A9D900BC4789 /* LaunchScreen.storyboard */,
				72C622042567A9D900BC4789 /* Info.plist */,
				72C622262567AAA400BC4789 /* ContentViewController.swift */,
			);
			path = "test-menulist-002";
			sourceTree = "<group>";
		};
		72C6220C2567A9D900BC4789 /* test-menulist-002Tests */ = {
			isa = PBXGroup;
			children = (
				72C6220D2567A9D900BC4789 /* test_menulist_002Tests.swift */,
				72C6220F2567A9D900BC4789 /* Info.plist */,
			);
			path = "test-menulist-002Tests";
			sourceTree = "<group>";
		};
		72C622172567A9D900BC4789 /* test-menulist-002UITests */ = {
			isa = PBXGroup;
			children = (
				72C622182567A9D900BC4789 /* test_menulist_002UITests.swift */,
				72C6221A2567A9D900BC4789 /* Info.plist */,
			);
			path = "test-menulist-002UITests";
			sourceTree = "<group>";
		};
/* End PBXGroup section */

/* Begin PBXNativeTarget section */
		72C621F22567A9D200BC4789 /* test-menulist-002 */ = {
			isa = PBXNativeTarget;
			buildConfigurationList = 72C6221D2567A9D900BC4789 /* Build configuration list for PBXNativeTarget "test-menulist-002" */;
			buildPhases = (
				72C621EF2567A9D200BC4789 /* Sources */,
				72C621F02567A9D200BC4789 /* Frameworks */,
				72C621F12567A9D200BC4789 /* Resources */,
			);
			buildRules = (
			);
			dependencies = (
			);
			name = "test-menulist-002";
			productName = "test-menulist-002";
			productReference = 72C621F32567A9D200BC4789 /* test-menulist-002.app */;
			productType = "com.apple.product-type.application";
		};
		72C622082567A9D900BC4789 /* test-menulist-002Tests */ = {
			isa = PBXNativeTarget;
			buildConfigurationList = 72C622202567A9D900BC4789 /* Build configuration list for PBXNativeTarget "test-menulist-002Tests" */;
			buildPhases = (
				72C622052567A9D900BC4789 /* Sources */,
				72C622062567A9D900BC4789 /* Frameworks */,
				72C622072567A9D900BC4789 /* Resources */,
			);
			buildRules = (
			);
			dependencies = (
				72C6220B2567A9D900BC4789 /* PBXTargetDependency */,
			);
			name = "test-menulist-002Tests";
			productName = "test-menulist-002Tests";
			productReference = 72C622092567A9D900BC4789 /* test-menulist-002Tests.xctest */;
			productType = "com.apple.product-type.bundle.unit-test";
		};
		72C622132567A9D900BC4789 /* test-menulist-002UITests */ = {
			isa = PBXNativeTarget;
			buildConfigurationList = 72C622232567A9D900BC4789 /* Build configuration list for PBXNativeTarget "test-menulist-002UITests" */;
			buildPhases = (
				72C622102567A9D900BC4789 /* Sources */,
				72C622112567A9D900BC4789 /* Frameworks */,
				72C622122567A9D900BC4789 /* Resources */,
			);
			buildRules = (
			);
			dependencies = (
				72C622162567A9D900BC4789 /* PBXTargetDependency */,
			);
			name = "test-menulist-002UITests";
			productName = "test-menulist-002UITests";
			productReference = 72C622142567A9D900BC4789 /* test-menulist-002UITests.xctest */;
			productType = "com.apple.product-type.bundle.ui-testing";
		};
/* End PBXNativeTarget section */

/* Begin PBXProject section */
		72C621EB2567A9D200BC4789 /* Project object */ = {
			isa = PBXProject;
			attributes = {
				LastSwiftUpdateCheck = 1170;
				LastUpgradeCheck = 1170;
				ORGANIZATIONNAME = say;
				TargetAttributes = {
					72C621F22567A9D200BC4789 = {
						CreatedOnToolsVersion = 11.7;
					};
					72C622082567A9D900BC4789 = {
						CreatedOnToolsVersion = 11.7;
						TestTargetID = 72C621F22567A9D200BC4789;
					};
					72C622132567A9D900BC4789 = {
						CreatedOnToolsVersion = 11.7;
						TestTargetID = 72C621F22567A9D200BC4789;
					};
				};
			};
			buildConfigurationList = 72C621EE2567A9D200BC4789 /* Build configuration list for PBXProject "test-menulist-002" */;
			compatibilityVersion = "Xcode 9.3";
			developmentRegion = en;
			hasScannedForEncodings = 0;
			knownRegions = (
				en,
				Base,
			);
			mainGroup = 72C621EA2567A9D200BC4789;
			productRefGroup = 72C621F42567A9D200BC4789 /* Products */;
			projectDirPath = "";
			projectRoot = "";
			targets = (
				72C621F22567A9D200BC4789 /* test-menulist-002 */,
				72C622082567A9D900BC4789 /* test-menulist-002Tests */,
				72C622132567A9D900BC4789 /* test-menulist-002UITests */,
			);
		};
/* End PBXProject section */

/* Begin PBXResourcesBuildPhase section */
		72C621F12567A9D200BC4789 /* Resources */ = {
			isa = PBXResourcesBuildPhase;
			buildActionMask = 2147483647;
			files = (
				72C622292567B1D000BC4789 /* memo.txt in Resources */,
				72C622032567A9D900BC4789 /* LaunchScreen.storyboard in Resources */,
				72C622002567A9D900BC4789 /* Assets.xcassets in Resources */,
				72C621FE2567A9D200BC4789 /* Main.storyboard in Resources */,
			);
			runOnlyForDeploymentPostprocessing = 0;
		};
		72C622072567A9D900BC4789 /* Resources */ = {
			isa = PBXResourcesBuildPhase;
			buildActionMask = 2147483647;
			files = (
			);
			runOnlyForDeploymentPostprocessing = 0;
		};
		72C622122567A9D900BC4789 /* Resources */ = {
			isa = PBXResourcesBuildPhase;
			buildActionMask = 2147483647;
			files = (
			);
			runOnlyForDeploymentPostprocessing = 0;
		};
/* End PBXResourcesBuildPhase section */

/* Begin PBXSourcesBuildPhase section */
		72C621EF2567A9D200BC4789 /* Sources */ = {
			isa = PBXSourcesBuildPhase;
			buildActionMask = 2147483647;
			files = (
				72C622272567AAA400BC4789 /* ContentViewController.swift in Sources */,
				72C621FB2567A9D200BC4789 /* ViewController.swift in Sources */,
				72C621F72567A9D200BC4789 /* AppDelegate.swift in Sources */,
				72C621F92567A9D200BC4789 /* SceneDelegate.swift in Sources */,
			);
			runOnlyForDeploymentPostprocessing = 0;
		};
		72C622052567A9D900BC4789 /* Sources */ = {
			isa = PBXSourcesBuildPhase;
			buildActionMask = 2147483647;
			files = (
				72C6220E2567A9D900BC4789 /* test_menulist_002Tests.swift in Sources */,
			);
			runOnlyForDeploymentPostprocessing = 0;
		};
		72C622102567A9D900BC4789 /* Sources */ = {
			isa = PBXSourcesBuildPhase;
			buildActionMask = 2147483647;
			files = (
				72C622192567A9D900BC4789 /* test_menulist_002UITests.swift in Sources */,
			);
			runOnlyForDeploymentPostprocessing = 0;
		};
/* End PBXSourcesBuildPhase section */

/* Begin PBXTargetDependency section */
		72C6220B2567A9D900BC4789 /* PBXTargetDependency */ = {
			isa = PBXTargetDependency;
			target = 72C621F22567A9D200BC4789 /* test-menulist-002 */;
			targetProxy = 72C6220A2567A9D900BC4789 /* PBXContainerItemProxy */;
		};
		72C622162567A9D900BC4789 /* PBXTargetDependency */ = {
			isa = PBXTargetDependency;
			target = 72C621F22567A9D200BC4789 /* test-menulist-002 */;
			targetProxy = 72C622152567A9D900BC4789 /* PBXContainerItemProxy */;
		};
/* End PBXTargetDependency section */

/* Begin PBXVariantGroup section */
		72C621FC2567A9D200BC4789 /* Main.storyboard */ = {
			isa = PBXVariantGroup;
			children = (
				72C621FD2567A9D200BC4789 /* Base */,
			);
			name = Main.storyboard;
			sourceTree = "<group>";
		};
		72C622012567A9D900BC4789 /* LaunchScreen.storyboard */ = {
			isa = PBXVariantGroup;
			children = (
				72C622022567A9D900BC4789 /* Base */,
			);
			name = LaunchScreen.storyboard;
			sourceTree = "<group>";
		};
/* End PBXVariantGroup section */

/* Begin XCBuildConfiguration section */
		72C6221B2567A9D900BC4789 /* Debug */ = {
			isa = XCBuildConfiguration;
			buildSettings = {
				ALWAYS_SEARCH_USER_PATHS = NO;
				CLANG_ANALYZER_NONNULL = YES;
				CLANG_ANALYZER_NUMBER_OBJECT_CONVERSION = YES_AGGRESSIVE;
				CLANG_CXX_LANGUAGE_STANDARD = "gnu++14";
				CLANG_CXX_LIBRARY = "libc++";
				CLANG_ENABLE_MODULES = YES;
				CLANG_ENABLE_OBJC_ARC = YES;
				CLANG_ENABLE_OBJC_WEAK = YES;
				CLANG_WARN_BLOCK_CAPTURE_AUTORELEASING = YES;
				CLANG_WARN_BOOL_CONVERSION = YES;
				CLANG_WARN_COMMA = YES;
				CLANG_WARN_CONSTANT_CONVERSION = YES;
				CLANG_WARN_DEPRECATED_OBJC_IMPLEMENTATIONS = YES;
				CLANG_WARN_DIRECT_OBJC_ISA_USAGE = YES_ERROR;
				CLANG_WARN_DOCUMENTATION_COMMENTS = YES;
				CLANG_WARN_EMPTY_BODY = YES;
				CLANG_WARN_ENUM_CONVERSION = YES;
				CLANG_WARN_INFINITE_RECURSION = YES;
				CLANG_WARN_INT_CONVERSION = YES;
				CLANG_WARN_NON_LITERAL_NULL_CONVERSION = YES;
				CLANG_WARN_OBJC_IMPLICIT_RETAIN_SELF = YES;
				CLANG_WARN_OBJC_LITERAL_CONVERSION = YES;
				CLANG_WARN_OBJC_ROOT_CLASS = YES_ERROR;
				CLANG_WARN_RANGE_LOOP_ANALYSIS = YES;
				CLANG_WARN_STRICT_PROTOTYPES = YES;
				CLANG_WARN_SUSPICIOUS_MOVE = YES;
				CLANG_WARN_UNGUARDED_AVAILABILITY = YES_AGGRESSIVE;
				CLANG_WARN_UNREACHABLE_CODE = YES;
				CLANG_WARN__DUPLICATE_METHOD_MATCH = YES;
				COPY_PHASE_STRIP = NO;
				DEBUG_INFORMATION_FORMAT = dwarf;
				ENABLE_STRICT_OBJC_MSGSEND = YES;
				ENABLE_TESTABILITY = YES;
				GCC_C_LANGUAGE_STANDARD = gnu11;
				GCC_DYNAMIC_NO_PIC = NO;
				GCC_NO_COMMON_BLOCKS = YES;
				GCC_OPTIMIZATION_LEVEL = 0;
				GCC_PREPROCESSOR_DEFINITIONS = (
					"DEBUG=1",
					"$(inherited)",
				);
				GCC_WARN_64_TO_32_BIT_CONVERSION = YES;
				GCC_WARN_ABOUT_RETURN_TYPE = YES_ERROR;
				GCC_WARN_UNDECLARED_SELECTOR = YES;
				GCC_WARN_UNINITIALIZED_AUTOS = YES_AGGRESSIVE;
				GCC_WARN_UNUSED_FUNCTION = YES;
				GCC_WARN_UNUSED_VARIABLE = YES;
				IPHONEOS_DEPLOYMENT_TARGET = 10.0;
				MTL_ENABLE_DEBUG_INFO = INCLUDE_SOURCE;
				MTL_FAST_MATH = YES;
				ONLY_ACTIVE_ARCH = YES;
				SDKROOT = iphoneos;
				SWIFT_ACTIVE_COMPILATION_CONDITIONS = DEBUG;
				SWIFT_OPTIMIZATION_LEVEL = "-Onone";
			};
			name = Debug;
		};
		72C6221C2567A9D900BC4789 /* Release */ = {
			isa = XCBuildConfiguration;
			buildSettings = {
				ALWAYS_SEARCH_USER_PATHS = NO;
				CLANG_ANALYZER_NONNULL = YES;
				CLANG_ANALYZER_NUMBER_OBJECT_CONVERSION = YES_AGGRESSIVE;
				CLANG_CXX_LANGUAGE_STANDARD = "gnu++14";
				CLANG_CXX_LIBRARY = "libc++";
				CLANG_ENABLE_MODULES = YES;
				CLANG_ENABLE_OBJC_ARC = YES;
				CLANG_ENABLE_OBJC_WEAK = YES;
				CLANG_WARN_BLOCK_CAPTURE_AUTORELEASING = YES;
				CLANG_WARN_BOOL_CONVERSION = YES;
				CLANG_WARN_COMMA = YES;
				CLANG_WARN_CONSTANT_CONVERSION = YES;
				CLANG_WARN_DEPRECATED_OBJC_IMPLEMENTATIONS = YES;
				CLANG_WARN_DIRECT_OBJC_ISA_USAGE = YES_ERROR;
				CLANG_WARN_DOCUMENTATION_COMMENTS = YES;
				CLANG_WARN_EMPTY_BODY = YES;
				CLANG_WARN_ENUM_CONVERSION = YES;
				CLANG_WARN_INFINITE_RECURSION = YES;
				CLANG_WARN_INT_CONVERSION = YES;
				CLANG_WARN_NON_LITERAL_NULL_CONVERSION = YES;
				CLANG_WARN_OBJC_IMPLICIT_RETAIN_SELF = YES;
				CLANG_WARN_OBJC_LITERAL_CONVERSION = YES;
				CLANG_WARN_OBJC_ROOT_CLASS = YES_ERROR;
				CLANG_WARN_RANGE_LOOP_ANALYSIS = YES;
				CLANG_WARN_STRICT_PROTOTYPES = YES;
				CLANG_WARN_SUSPICIOUS_MOVE = YES;
				CLANG_WARN_UNGUARDED_AVAILABILITY = YES_AGGRESSIVE;
				CLANG_WARN_UNREACHABLE_CODE = YES;
				CLANG_WARN__DUPLICATE_METHOD_MATCH = YES;
				COPY_PHASE_STRIP = NO;
				DEBUG_INFORMATION_FORMAT = "dwarf-with-dsym";
				ENABLE_NS_ASSERTIONS = NO;
				ENABLE_STRICT_OBJC_MSGSEND = YES;
				GCC_C_LANGUAGE_STANDARD = gnu11;
				GCC_NO_COMMON_BLOCKS = YES;
				GCC_WARN_64_TO_32_BIT_CONVERSION = YES;
				GCC_WARN_ABOUT_RETURN_TYPE = YES_ERROR;
				GCC_WARN_UNDECLARED_SELECTOR = YES;
				GCC_WARN_UNINITIALIZED_AUTOS = YES_AGGRESSIVE;
				GCC_WARN_UNUSED_FUNCTION = YES;
				GCC_WARN_UNUSED_VARIABLE = YES;
				IPHONEOS_DEPLOYMENT_TARGET = 10.0;
				MTL_ENABLE_DEBUG_INFO = NO;
				MTL_FAST_MATH = YES;
				SDKROOT = iphoneos;
				SWIFT_COMPILATION_MODE = wholemodule;
				SWIFT_OPTIMIZATION_LEVEL = "-O";
				VALIDATE_PRODUCT = YES;
			};
			name = Release;
		};
		72C6221E2567A9D900BC4789 /* Debug */ = {
			isa = XCBuildConfiguration;
			buildSettings = {
				ASSETCATALOG_COMPILER_APPICON_NAME = AppIcon;
				CODE_SIGN_STYLE = Automatic;
				DEVELOPMENT_TEAM = ZAZYZ6SEUT;
				INFOPLIST_FILE = "test-menulist-002/Info.plist";
				IPHONEOS_DEPLOYMENT_TARGET = 10.0;
				LD_RUNPATH_SEARCH_PATHS = (
					"$(inherited)",
					"@executable_path/Frameworks",
				);
				PRODUCT_BUNDLE_IDENTIFIER = "pods.test-menulist-002";
				PRODUCT_NAME = "$(TARGET_NAME)";
				SWIFT_VERSION = 5.0;
				TARGETED_DEVICE_FAMILY = "1,2";
			};
			name = Debug;
		};
		72C6221F2567A9D900BC4789 /* Release */ = {
			isa = XCBuildConfiguration;
			buildSettings = {
				ASSETCATALOG_COMPILER_APPICON_NAME = AppIcon;
				CODE_SIGN_STYLE = Automatic;
				DEVELOPMENT_TEAM = ZAZYZ6SEUT;
				INFOPLIST_FILE = "test-menulist-002/Info.plist";
				IPHONEOS_DEPLOYMENT_TARGET = 10.0;
				LD_RUNPATH_SEARCH_PATHS = (
					"$(inherited)",
					"@executable_path/Frameworks",
				);
				PRODUCT_BUNDLE_IDENTIFIER = "pods.test-menulist-002";
				PRODUCT_NAME = "$(TARGET_NAME)";
				SWIFT_VERSION = 5.0;
				TARGETED_DEVICE_FAMILY = "1,2";
			};
			name = Release;
		};
		72C622212567A9D900BC4789 /* Debug */ = {
			isa = XCBuildConfiguration;
			buildSettings = {
				ALWAYS_EMBED_SWIFT_STANDARD_LIBRARIES = YES;
				BUNDLE_LOADER = "$(TEST_HOST)";
				CODE_SIGN_STYLE = Automatic;
				DEVELOPMENT_TEAM = ZAZYZ6SEUT;
				INFOPLIST_FILE = "test-menulist-002Tests/Info.plist";
				IPHONEOS_DEPLOYMENT_TARGET = 13.7;
				LD_RUNPATH_SEARCH_PATHS = (
					"$(inherited)",
					"@executable_path/Frameworks",
					"@loader_path/Frameworks",
				);
				PRODUCT_BUNDLE_IDENTIFIER = "pods.test-menulist-002Tests";
				PRODUCT_NAME = "$(TARGET_NAME)";
				SWIFT_VERSION = 5.0;
				TARGETED_DEVICE_FAMILY = "1,2";
				TEST_HOST = "$(BUILT_PRODUCTS_DIR)/test-menulist-002.app/test-menulist-002";
			};
			name = Debug;
		};
		72C622222567A9D900BC4789 /* Release */ = {
			isa = XCBuildConfiguration;
			buildSettings = {
				ALWAYS_EMBED_SWIFT_STANDARD_LIBRARIES = YES;
				BUNDLE_LOADER = "$(TEST_HOST)";
				CODE_SIGN_STYLE = Automatic;
				DEVELOPMENT_TEAM = ZAZYZ6SEUT;
				INFOPLIST_FILE = "test-menulist-002Tests/Info.plist";
				IPHONEOS_DEPLOYMENT_TARGET = 13.7;
				LD_RUNPATH_SEARCH_PATHS = (
					"$(inherited)",
					"@executable_path/Frameworks",
					"@loader_path/Frameworks",
				);
				PRODUCT_BUNDLE_IDENTIFIER = "pods.test-menulist-002Tests";
				PRODUCT_NAME = "$(TARGET_NAME)";
				SWIFT_VERSION = 5.0;
				TARGETED_DEVICE_FAMILY = "1,2";
				TEST_HOST = "$(BUILT_PRODUCTS_DIR)/test-menulist-002.app/test-menulist-002";
			};
			name = Release;
		};
		72C622242567A9D900BC4789 /* Debug */ = {
			isa = XCBuildConfiguration;
			buildSettings = {
				ALWAYS_EMBED_SWIFT_STANDARD_LIBRARIES = YES;
				CODE_SIGN_STYLE = Automatic;
				DEVELOPMENT_TEAM = ZAZYZ6SEUT;
				INFOPLIST_FILE = "test-menulist-002UITests/Info.plist";
				LD_RUNPATH_SEARCH_PATHS = (
					"$(inherited)",
					"@executable_path/Frameworks",
					"@loader_path/Frameworks",
				);
				PRODUCT_BUNDLE_IDENTIFIER = "pods.test-menulist-002UITests";
				PRODUCT_NAME = "$(TARGET_NAME)";
				SWIFT_VERSION = 5.0;
				TARGETED_DEVICE_FAMILY = "1,2";
				TEST_TARGET_NAME = "test-menulist-002";
			};
			name = Debug;
		};
		72C622252567A9D900BC4789 /* Release */ = {
			isa = XCBuildConfiguration;
			buildSettings = {
				ALWAYS_EMBED_SWIFT_STANDARD_LIBRARIES = YES;
				CODE_SIGN_STYLE = Automatic;
				DEVELOPMENT_TEAM = ZAZYZ6SEUT;
				INFOPLIST_FILE = "test-menulist-002UITests/Info.plist";
				LD_RUNPATH_SEARCH_PATHS = (
					"$(inherited)",
					"@executable_path/Frameworks",
					"@loader_path/Frameworks",
				);
				PRODUCT_BUNDLE_IDENTIFIER = "pods.test-menulist-002UITests";
				PRODUCT_NAME = "$(TARGET_NAME)";
				SWIFT_VERSION = 5.0;
				TARGETED_DEVICE_FAMILY = "1,2";
				TEST_TARGET_NAME = "test-menulist-002";
			};
			name = Release;
		};
/* End XCBuildConfiguration section */

/* Begin XCConfigurationList section */
		72C621EE2567A9D200BC4789 /* Build configuration list for PBXProject "test-menulist-002" */ = {
			isa = XCConfigurationList;
			buildConfigurations = (
				72C6221B2567A9D900BC4789 /* Debug */,
				72C6221C2567A9D900BC4789 /* Release */,
			);
			defaultConfigurationIsVisible = 0;
			defaultConfigurationName = Release;
		};
		72C6221D2567A9D900BC4789 /* Build configuration list for PBXNativeTarget "test-menulist-002" */ = {
			isa = XCConfigurationList;
			buildConfigurations = (
				72C6221E2567A9D900BC4789 /* Debug */,
				72C6221F2567A9D900BC4789 /* Release */,
			);
			defaultConfigurationIsVisible = 0;
			defaultConfigurationName = Release;
		};
		72C622202567A9D900BC4789 /* Build configuration list for PBXNativeTarget "test-menulist-002Tests" */ = {
			isa = XCConfigurationList;
			buildConfigurations = (
				72C622212567A9D900BC4789 /* Debug */,
				72C622222567A9D900BC4789 /* Release */,
			);
			defaultConfigurationIsVisible = 0;
			defaultConfigurationName = Release;
		};
		72C622232567A9D900BC4789 /* Build configuration list for PBXNativeTarget "test-menulist-002UITests" */ = {
			isa = XCConfigurationList;
			buildConfigurations = (
				72C622242567A9D900BC4789 /* Debug */,
				72C622252567A9D900BC4789 /* Release */,
			);
			defaultConfigurationIsVisible = 0;
			defaultConfigurationName = Release;
		};
/* End XCConfigurationList section */
	};
	rootObject = 72C621EB2567A9D200BC4789 /* Project object */;
}
